
Microsoft Visual Studio Solution File, Format Version 12.00
# Visual Studio 14
VisualStudioVersion = 14.0.23107.0
MinimumVisualStudioVersion = 10.0.40219.1
Project("{FAE04EC0-301F-11D3-BF4B-00C04F79EFBC}") = "aperturAutomatica", "aperturAutomatica\aperturAutomatica.csproj", "{1AE42B00-0C7C-4171-A1F7-D5CE293C2C8C}"
EndProject
Global
	GlobalSection(SolutionConfigurationPlatforms) = preSolution
		Debug|Any CPU = Debug|Any CPU
		Debug|x86 = Debug|x86
		Release|Any CPU = Release|Any CPU
		Release|x86 = Release|x86
	EndGlobalSection
	GlobalSection(ProjectConfigurationPlatforms) = postSolution
		{1AE42B00-0C7C-4171-A1F7-D5CE293C2C8C}.Debug|Any CPU.ActiveCfg = Debug|Any CPU
		{1AE42B00-0C7C-4171-A1F7-D5CE293C2C8C}.Debug|Any CPU.Build.0 = Debug|Any CPU
		{1AE42B00-0C7C-4171-A1F7-D5CE293C2C8C}.Debug|x86.ActiveCfg = Debug|Any CPU
		{1AE42B00-0C7C-4171-A1F7-D5CE293C2C8C}.Debug|x86.Build.0 = Debug|Any CPU
		{1AE42B00-0C7C-4171-A1F7-D5CE293C2C8C}.Release|Any CPU.ActiveCfg = Release|Any CPU
		{1AE42B00-0C7C-4171-A1F7-D5CE293C2C8C}.Release|Any CPU.Build.0 = Release|Any CPU
		{1AE42B00-0C7C-4171-A1F7-D5CE293C2C8C}.Release|x86.ActiveCfg = Release|Any CPU
		{1AE42B00-0C7C-4171-A1F7-D5CE293C2C8C}.Release|x86.Build.0 = Release|Any CPU
	EndGlobalSection
	GlobalSection(SolutionProperties) = preSolution
		HideSolutionNode = FALSE
	EndGlobalSection
EndGlobal
